// !$*UTF8*$!
{
	archiveVersion = 1;
	classes = {
	};
	objectVersion = 56;
	objects = {

/* Begin PBXBuildFile section */
		B1FDF0632BFA5BB500A3B396 /* WordScrambleApp.swift in Sources */ = {isa = PBXBuildFile; fileRef = B1FDF0622BFA5BB500A3B396 /* WordScrambleApp.swift */; };
		B1FDF0652BFA5BB500A3B396 /* ContentView.swift in Sources */ = {isa = PBXBuildFile; fileRef = B1FDF0642BFA5BB500A3B396 /* ContentView.swift */; };
		B1FDF0672BFA5BB800A3B396 /* Assets.xcassets in Resources */ = {isa = PBXBuildFile; fileRef = B1FDF0662BFA5BB800A3B396 /* Assets.xcassets */; };
		B1FDF06A2BFA5BB800A3B396 /* Preview Assets.xcassets in Resources */ = {isa = PBXBuildFile; fileRef = B1FDF0692BFA5BB800A3B396 /* Preview Assets.xcassets */; };
		B1FDF0732BFA6D2800A3B396 /* DictionaryApi.swift in Sources */ = {isa = PBXBuildFile; fileRef = B1FDF0722BFA6D2800A3B396 /* DictionaryApi.swift */; };
		B1FDF0762BFB3BB900A3B396 /* Router.swift in Sources */ = {isa = PBXBuildFile; fileRef = B1FDF0752BFB3BB900A3B396 /* Router.swift */; };
		B1FDF07A2BFB3C7E00A3B396 /* HomeScreen.swift in Sources */ = {isa = PBXBuildFile; fileRef = B1FDF0792BFB3C7E00A3B396 /* HomeScreen.swift */; };
		B1FDF07C2BFB3DAF00A3B396 /* SettingsScreen.swift in Sources */ = {isa = PBXBuildFile; fileRef = B1FDF07B2BFB3DAF00A3B396 /* SettingsScreen.swift */; };
		B1FDF0842BFB3FC600A3B396 /* CardBackground.swift in Sources */ = {isa = PBXBuildFile; fileRef = B1FDF0832BFB3FC600A3B396 /* CardBackground.swift */; };
		B1FDF0862BFB64A500A3B396 /* Utils.swift in Sources */ = {isa = PBXBuildFile; fileRef = B1FDF0852BFB64A500A3B396 /* Utils.swift */; };
		B1FDF0882BFB64BF00A3B396 /* TimerView.swift in Sources */ = {isa = PBXBuildFile; fileRef = B1FDF0872BFB64BF00A3B396 /* TimerView.swift */; };
		B1FDF08D2BFB723A00A3B396 /* AppTitleView.swift in Sources */ = {isa = PBXBuildFile; fileRef = B1FDF08C2BFB723A00A3B396 /* AppTitleView.swift */; };
		B1FDF08F2BFB726800A3B396 /* WordChallengeView.swift in Sources */ = {isa = PBXBuildFile; fileRef = B1FDF08E2BFB726800A3B396 /* WordChallengeView.swift */; };
		B1FDF0912BFB73B800A3B396 /* DefinitionLoaderView.swift in Sources */ = {isa = PBXBuildFile; fileRef = B1FDF0902BFB73B800A3B396 /* DefinitionLoaderView.swift */; };
		B1FDF0932BFB73E700A3B396 /* WordDefinitionView.swift in Sources */ = {isa = PBXBuildFile; fileRef = B1FDF0922BFB73E700A3B396 /* WordDefinitionView.swift */; };
		B1FDF0952BFB747300A3B396 /* HomeScreenViewModel.swift in Sources */ = {isa = PBXBuildFile; fileRef = B1FDF0942BFB747300A3B396 /* HomeScreenViewModel.swift */; };
		B1FDF0972BFB762000A3B396 /* ErrorView.swift in Sources */ = {isa = PBXBuildFile; fileRef = B1FDF0962BFB762000A3B396 /* ErrorView.swift */; };
		B1FDF0992BFB768E00A3B396 /* GameEndedView.swift in Sources */ = {isa = PBXBuildFile; fileRef = B1FDF0982BFB768E00A3B396 /* GameEndedView.swift */; };
		B1FDF09B2BFB7F5600A3B396 /* ButtonSelectionView.swift in Sources */ = {isa = PBXBuildFile; fileRef = B1FDF09A2BFB7F5600A3B396 /* ButtonSelectionView.swift */; };
		B1FDF09D2BFB7F8500A3B396 /* TextFieldSectionView.swift in Sources */ = {isa = PBXBuildFile; fileRef = B1FDF09C2BFB7F8500A3B396 /* TextFieldSectionView.swift */; };
		B1FDF09F2BFB80E200A3B396 /* UsedWordsView.swift in Sources */ = {isa = PBXBuildFile; fileRef = B1FDF09E2BFB80E200A3B396 /* UsedWordsView.swift */; };
		B1FDF0A32BFBC71B00A3B396 /* SQLite in Frameworks */ = {isa = PBXBuildFile; productRef = B1FDF0A22BFBC71B00A3B396 /* SQLite */; };
		B1FDF0A52BFBC80A00A3B396 /* WordDatabase.swift in Sources */ = {isa = PBXBuildFile; fileRef = B1FDF0A42BFBC80A00A3B396 /* WordDatabase.swift */; };
		B1FDF0AD2BFBCE4800A3B396 /* words_12.json in Resources */ = {isa = PBXBuildFile; fileRef = B1FDF0A62BFBCE4700A3B396 /* words_12.json */; };
		B1FDF0AE2BFBCE4800A3B396 /* words_9.json in Resources */ = {isa = PBXBuildFile; fileRef = B1FDF0A72BFBCE4700A3B396 /* words_9.json */; };
		B1FDF0AF2BFBCE4800A3B396 /* words_7.json in Resources */ = {isa = PBXBuildFile; fileRef = B1FDF0A82BFBCE4700A3B396 /* words_7.json */; };
		B1FDF0B02BFBCE4800A3B396 /* words_8.json in Resources */ = {isa = PBXBuildFile; fileRef = B1FDF0A92BFBCE4700A3B396 /* words_8.json */; };
		B1FDF0B12BFBCE4800A3B396 /* words_6.json in Resources */ = {isa = PBXBuildFile; fileRef = B1FDF0AA2BFBCE4700A3B396 /* words_6.json */; };
		B1FDF0B22BFBCE4800A3B396 /* words_10.json in Resources */ = {isa = PBXBuildFile; fileRef = B1FDF0AB2BFBCE4700A3B396 /* words_10.json */; };
		B1FDF0B32BFBCE4800A3B396 /* words_11.json in Resources */ = {isa = PBXBuildFile; fileRef = B1FDF0AC2BFBCE4700A3B396 /* words_11.json */; };
/* End PBXBuildFile section */

/* Begin PBXFileReference section */
		B1FDF05F2BFA5BB500A3B396 /* WordScramble.app */ = {isa = PBXFileReference; explicitFileType = wrapper.application; includeInIndex = 0; path = WordScramble.app; sourceTree = BUILT_PRODUCTS_DIR; };
		B1FDF0622BFA5BB500A3B396 /* WordScrambleApp.swift */ = {isa = PBXFileReference; lastKnownFileType = sourcecode.swift; path = WordScrambleApp.swift; sourceTree = "<group>"; };
		B1FDF0642BFA5BB500A3B396 /* ContentView.swift */ = {isa = PBXFileReference; lastKnownFileType = sourcecode.swift; path = ContentView.swift; sourceTree = "<group>"; };
		B1FDF0662BFA5BB800A3B396 /* Assets.xcassets */ = {isa = PBXFileReference; lastKnownFileType = folder.assetcatalog; path = Assets.xcassets; sourceTree = "<group>"; };
		B1FDF0692BFA5BB800A3B396 /* Preview Assets.xcassets */ = {isa = PBXFileReference; lastKnownFileType = folder.assetcatalog; path = "Preview Assets.xcassets"; sourceTree = "<group>"; };
		B1FDF0722BFA6D2800A3B396 /* DictionaryApi.swift */ = {isa = PBXFileReference; lastKnownFileType = sourcecode.swift; path = DictionaryApi.swift; sourceTree = "<group>"; };
		B1FDF0752BFB3BB900A3B396 /* Router.swift */ = {isa = PBXFileReference; lastKnownFileType = sourcecode.swift; path = Router.swift; sourceTree = "<group>"; };
		B1FDF0792BFB3C7E00A3B396 /* HomeScreen.swift */ = {isa = PBXFileReference; lastKnownFileType = sourcecode.swift; path = HomeScreen.swift; sourceTree = "<group>"; };
		B1FDF07B2BFB3DAF00A3B396 /* SettingsScreen.swift */ = {isa = PBXFileReference; lastKnownFileType = sourcecode.swift; path = SettingsScreen.swift; sourceTree = "<group>"; };
		B1FDF0832BFB3FC600A3B396 /* CardBackground.swift */ = {isa = PBXFileReference; lastKnownFileType = sourcecode.swift; path = CardBackground.swift; sourceTree = "<group>"; };
		B1FDF0852BFB64A500A3B396 /* Utils.swift */ = {isa = PBXFileReference; lastKnownFileType = sourcecode.swift; path = Utils.swift; sourceTree = "<group>"; };
		B1FDF0872BFB64BF00A3B396 /* TimerView.swift */ = {isa = PBXFileReference; lastKnownFileType = sourcecode.swift; path = TimerView.swift; sourceTree = "<group>"; };
		B1FDF08C2BFB723A00A3B396 /* AppTitleView.swift */ = {isa = PBXFileReference; lastKnownFileType = sourcecode.swift; path = AppTitleView.swift; sourceTree = "<group>"; };
		B1FDF08E2BFB726800A3B396 /* WordChallengeView.swift */ = {isa = PBXFileReference; lastKnownFileType = sourcecode.swift; path = WordChallengeView.swift; sourceTree = "<group>"; };
		B1FDF0902BFB73B800A3B396 /* DefinitionLoaderView.swift */ = {isa = PBXFileReference; lastKnownFileType = sourcecode.swift; path = DefinitionLoaderView.swift; sourceTree = "<group>"; };
		B1FDF0922BFB73E700A3B396 /* WordDefinitionView.swift */ = {isa = PBXFileReference; lastKnownFileType = sourcecode.swift; path = WordDefinitionView.swift; sourceTree = "<group>"; };
		B1FDF0942BFB747300A3B396 /* HomeScreenViewModel.swift */ = {isa = PBXFileReference; lastKnownFileType = sourcecode.swift; path = HomeScreenViewModel.swift; sourceTree = "<group>"; };
		B1FDF0962BFB762000A3B396 /* ErrorView.swift */ = {isa = PBXFileReference; lastKnownFileType = sourcecode.swift; path = ErrorView.swift; sourceTree = "<group>"; };
		B1FDF0982BFB768E00A3B396 /* GameEndedView.swift */ = {isa = PBXFileReference; lastKnownFileType = sourcecode.swift; path = GameEndedView.swift; sourceTree = "<group>"; };
		B1FDF09A2BFB7F5600A3B396 /* ButtonSelectionView.swift */ = {isa = PBXFileReference; lastKnownFileType = sourcecode.swift; path = ButtonSelectionView.swift; sourceTree = "<group>"; };
		B1FDF09C2BFB7F8500A3B396 /* TextFieldSectionView.swift */ = {isa = PBXFileReference; lastKnownFileType = sourcecode.swift; path = TextFieldSectionView.swift; sourceTree = "<group>"; };
		B1FDF09E2BFB80E200A3B396 /* UsedWordsView.swift */ = {isa = PBXFileReference; lastKnownFileType = sourcecode.swift; path = UsedWordsView.swift; sourceTree = "<group>"; };
		B1FDF0A42BFBC80A00A3B396 /* WordDatabase.swift */ = {isa = PBXFileReference; lastKnownFileType = sourcecode.swift; path = WordDatabase.swift; sourceTree = "<group>"; };
		B1FDF0A62BFBCE4700A3B396 /* words_12.json */ = {isa = PBXFileReference; fileEncoding = 4; lastKnownFileType = text.json; path = words_12.json; sourceTree = "<group>"; };
		B1FDF0A72BFBCE4700A3B396 /* words_9.json */ = {isa = PBXFileReference; fileEncoding = 4; lastKnownFileType = text.json; path = words_9.json; sourceTree = "<group>"; };
		B1FDF0A82BFBCE4700A3B396 /* words_7.json */ = {isa = PBXFileReference; fileEncoding = 4; lastKnownFileType = text.json; path = words_7.json; sourceTree = "<group>"; };
		B1FDF0A92BFBCE4700A3B396 /* words_8.json */ = {isa = PBXFileReference; fileEncoding = 4; lastKnownFileType = text.json; path = words_8.json; sourceTree = "<group>"; };
		B1FDF0AA2BFBCE4700A3B396 /* words_6.json */ = {isa = PBXFileReference; fileEncoding = 4; lastKnownFileType = text.json; path = words_6.json; sourceTree = "<group>"; };
		B1FDF0AB2BFBCE4700A3B396 /* words_10.json */ = {isa = PBXFileReference; fileEncoding = 4; lastKnownFileType = text.json; path = words_10.json; sourceTree = "<group>"; };
		B1FDF0AC2BFBCE4700A3B396 /* words_11.json */ = {isa = PBXFileReference; fileEncoding = 4; lastKnownFileType = text.json; path = words_11.json; sourceTree = "<group>"; };
/* End PBXFileReference section */

/* Begin PBXFrameworksBuildPhase section */
		B1FDF05C2BFA5BB500A3B396 /* Frameworks */ = {
			isa = PBXFrameworksBuildPhase;
			buildActionMask = 2147483647;
			files = (
				B1FDF0A32BFBC71B00A3B396 /* SQLite in Frameworks */,
			);
			runOnlyForDeploymentPostprocessing = 0;
		};
/* End PBXFrameworksBuildPhase section */

/* Begin PBXGroup section */
		B1FDF0562BFA5BB500A3B396 = {
			isa = PBXGroup;
			children = (
				B1FDF0612BFA5BB500A3B396 /* WordScramble */,
				B1FDF0602BFA5BB500A3B396 /* Products */,
			);
			sourceTree = "<group>";
		};
		B1FDF0602BFA5BB500A3B396 /* Products */ = {
			isa = PBXGroup;
			children = (
				B1FDF05F2BFA5BB500A3B396 /* WordScramble.app */,
			);
			name = Products;
			sourceTree = "<group>";
		};
		B1FDF0612BFA5BB500A3B396 /* WordScramble */ = {
			isa = PBXGroup;
			children = (
				B1FDF0A02BFBC24F00A3B396 /* Database */,
				B1FDF0822BFB3FB400A3B396 /* ViewModifiers */,
				B1FDF0772BFB3C4900A3B396 /* App */,
				B1FDF0662BFA5BB800A3B396 /* Assets.xcassets */,
				B1FDF0682BFA5BB800A3B396 /* Preview Content */,
				B1FDF0742BFB3BA800A3B396 /* Routing */,
				B1FDF0782BFB3C6500A3B396 /* Screens */,
				B1FDF07D2BFB3E4D00A3B396 /* Utils */,
			);
			path = WordScramble;
			sourceTree = "<group>";
		};
		B1FDF0682BFA5BB800A3B396 /* Preview Content */ = {
			isa = PBXGroup;
			children = (
				B1FDF0692BFA5BB800A3B396 /* Preview Assets.xcassets */,
			);
			path = "Preview Content";
			sourceTree = "<group>";
		};
		B1FDF0742BFB3BA800A3B396 /* Routing */ = {
			isa = PBXGroup;
			children = (
				B1FDF0752BFB3BB900A3B396 /* Router.swift */,
			);
			path = Routing;
			sourceTree = "<group>";
		};
		B1FDF0772BFB3C4900A3B396 /* App */ = {
			isa = PBXGroup;
			children = (
				B1FDF0622BFA5BB500A3B396 /* WordScrambleApp.swift */,
				B1FDF0642BFA5BB500A3B396 /* ContentView.swift */,
			);
			path = App;
			sourceTree = "<group>";
		};
		B1FDF0782BFB3C6500A3B396 /* Screens */ = {
			isa = PBXGroup;
			children = (
				B1FDF0792BFB3C7E00A3B396 /* HomeScreen.swift */,
				B1FDF07B2BFB3DAF00A3B396 /* SettingsScreen.swift */,
				B1FDF0892BFB64D600A3B396 /* ViewModels */,
				B1FDF07F2BFB3E9B00A3B396 /* Views */,
			);
			path = Screens;
			sourceTree = "<group>";
		};
		B1FDF07D2BFB3E4D00A3B396 /* Utils */ = {
			isa = PBXGroup;
			children = (
				B1FDF0722BFA6D2800A3B396 /* DictionaryApi.swift */,
				B1FDF0852BFB64A500A3B396 /* Utils.swift */,
			);
			path = Utils;
			sourceTree = "<group>";
		};
		B1FDF07F2BFB3E9B00A3B396 /* Views */ = {
			isa = PBXGroup;
			children = (
				B1FDF0872BFB64BF00A3B396 /* TimerView.swift */,
				B1FDF09A2BFB7F5600A3B396 /* ButtonSelectionView.swift */,
				B1FDF08E2BFB726800A3B396 /* WordChallengeView.swift */,
				B1FDF0982BFB768E00A3B396 /* GameEndedView.swift */,
				B1FDF09E2BFB80E200A3B396 /* UsedWordsView.swift */,
				B1FDF09C2BFB7F8500A3B396 /* TextFieldSectionView.swift */,
				B1FDF0902BFB73B800A3B396 /* DefinitionLoaderView.swift */,
				B1FDF0962BFB762000A3B396 /* ErrorView.swift */,
				B1FDF0922BFB73E700A3B396 /* WordDefinitionView.swift */,
				B1FDF08C2BFB723A00A3B396 /* AppTitleView.swift */,
			);
			path = Views;
			sourceTree = "<group>";
		};
		B1FDF0822BFB3FB400A3B396 /* ViewModifiers */ = {
			isa = PBXGroup;
			children = (
				B1FDF0832BFB3FC600A3B396 /* CardBackground.swift */,
			);
			path = ViewModifiers;
			sourceTree = "<group>";
		};
		B1FDF0892BFB64D600A3B396 /* ViewModels */ = {
			isa = PBXGroup;
			children = (
				B1FDF0942BFB747300A3B396 /* HomeScreenViewModel.swift */,
			);
			path = ViewModels;
			sourceTree = "<group>";
		};
		B1FDF0A02BFBC24F00A3B396 /* Database */ = {
			isa = PBXGroup;
			children = (
				B1FDF0AA2BFBCE4700A3B396 /* words_6.json */,
				B1FDF0A82BFBCE4700A3B396 /* words_7.json */,
				B1FDF0A92BFBCE4700A3B396 /* words_8.json */,
				B1FDF0A72BFBCE4700A3B396 /* words_9.json */,
				B1FDF0AB2BFBCE4700A3B396 /* words_10.json */,
				B1FDF0AC2BFBCE4700A3B396 /* words_11.json */,
				B1FDF0A62BFBCE4700A3B396 /* words_12.json */,
				B1FDF0A42BFBC80A00A3B396 /* WordDatabase.swift */,
			);
			path = Database;
			sourceTree = "<group>";
		};
/* End PBXGroup section */

/* Begin PBXNativeTarget section */
		B1FDF05E2BFA5BB500A3B396 /* WordScramble */ = {
			isa = PBXNativeTarget;
			buildConfigurationList = B1FDF06D2BFA5BB800A3B396 /* Build configuration list for PBXNativeTarget "WordScramble" */;
			buildPhases = (
				B1FDF05B2BFA5BB500A3B396 /* Sources */,
				B1FDF05C2BFA5BB500A3B396 /* Frameworks */,
				B1FDF05D2BFA5BB500A3B396 /* Resources */,
			);
			buildRules = (
			);
			dependencies = (
			);
			name = WordScramble;
			packageProductDependencies = (
				B1FDF0A22BFBC71B00A3B396 /* SQLite */,
			);
			productName = WordScramble;
			productReference = B1FDF05F2BFA5BB500A3B396 /* WordScramble.app */;
			productType = "com.apple.product-type.application";
		};
/* End PBXNativeTarget section */

/* Begin PBXProject section */
		B1FDF0572BFA5BB500A3B396 /* Project object */ = {
			isa = PBXProject;
			attributes = {
				BuildIndependentTargetsInParallel = 1;
				LastSwiftUpdateCheck = 1530;
				LastUpgradeCheck = 1530;
				TargetAttributes = {
					B1FDF05E2BFA5BB500A3B396 = {
						CreatedOnToolsVersion = 15.3;
					};
				};
			};
			buildConfigurationList = B1FDF05A2BFA5BB500A3B396 /* Build configuration list for PBXProject "WordScramble" */;
			compatibilityVersion = "Xcode 14.0";
			developmentRegion = en;
			hasScannedForEncodings = 0;
			knownRegions = (
				en,
				Base,
			);
			mainGroup = B1FDF0562BFA5BB500A3B396;
			packageReferences = (
				B1FDF0A12BFBC71B00A3B396 /* XCRemoteSwiftPackageReference "SQLite.swift" */,
			);
			productRefGroup = B1FDF0602BFA5BB500A3B396 /* Products */;
			projectDirPath = "";
			projectRoot = "";
			targets = (
				B1FDF05E2BFA5BB500A3B396 /* WordScramble */,
			);
		};
/* End PBXProject section */

/* Begin PBXResourcesBuildPhase section */
		B1FDF05D2BFA5BB500A3B396 /* Resources */ = {
			isa = PBXResourcesBuildPhase;
			buildActionMask = 2147483647;
			files = (
				B1FDF0B12BFBCE4800A3B396 /* words_6.json in Resources */,
				B1FDF0AE2BFBCE4800A3B396 /* words_9.json in Resources */,
				B1FDF06A2BFA5BB800A3B396 /* Preview Assets.xcassets in Resources */,
				B1FDF0B22BFBCE4800A3B396 /* words_10.json in Resources */,
				B1FDF0B32BFBCE4800A3B396 /* words_11.json in Resources */,
				B1FDF0B02BFBCE4800A3B396 /* words_8.json in Resources */,
				B1FDF0AF2BFBCE4800A3B396 /* words_7.json in Resources */,
				B1FDF0AD2BFBCE4800A3B396 /* words_12.json in Resources */,
				B1FDF0672BFA5BB800A3B396 /* Assets.xcassets in Resources */,
			);
			runOnlyForDeploymentPostprocessing = 0;
		};
/* End PBXResourcesBuildPhase section */

/* Begin PBXSourcesBuildPhase section */
		B1FDF05B2BFA5BB500A3B396 /* Sources */ = {
			isa = PBXSourcesBuildPhase;
			buildActionMask = 2147483647;
			files = (
				B1FDF09B2BFB7F5600A3B396 /* ButtonSelectionView.swift in Sources */,
				B1FDF0882BFB64BF00A3B396 /* TimerView.swift in Sources */,
				B1FDF07C2BFB3DAF00A3B396 /* SettingsScreen.swift in Sources */,
				B1FDF08D2BFB723A00A3B396 /* AppTitleView.swift in Sources */,
				B1FDF0952BFB747300A3B396 /* HomeScreenViewModel.swift in Sources */,
				B1FDF08F2BFB726800A3B396 /* WordChallengeView.swift in Sources */,
				B1FDF0932BFB73E700A3B396 /* WordDefinitionView.swift in Sources */,
				B1FDF0762BFB3BB900A3B396 /* Router.swift in Sources */,
				B1FDF0912BFB73B800A3B396 /* DefinitionLoaderView.swift in Sources */,
				B1FDF09F2BFB80E200A3B396 /* UsedWordsView.swift in Sources */,
				B1FDF07A2BFB3C7E00A3B396 /* HomeScreen.swift in Sources */,
				B1FDF0732BFA6D2800A3B396 /* DictionaryApi.swift in Sources */,
				B1FDF0652BFA5BB500A3B396 /* ContentView.swift in Sources */,
				B1FDF09D2BFB7F8500A3B396 /* TextFieldSectionView.swift in Sources */,
				B1FDF0A52BFBC80A00A3B396 /* WordDatabase.swift in Sources */,
				B1FDF0632BFA5BB500A3B396 /* WordScrambleApp.swift in Sources */,
				B1FDF0842BFB3FC600A3B396 /* CardBackground.swift in Sources */,
				B1FDF0862BFB64A500A3B396 /* Utils.swift in Sources */,
				B1FDF0992BFB768E00A3B396 /* GameEndedView.swift in Sources */,
				B1FDF0972BFB762000A3B396 /* ErrorView.swift in Sources */,
			);
			runOnlyForDeploymentPostprocessing = 0;
		};
/* End PBXSourcesBuildPhase section */

/* Begin XCBuildConfiguration section */
		B1FDF06B2BFA5BB800A3B396 /* Debug */ = {
			isa = XCBuildConfiguration;
			buildSettings = {
				ALWAYS_SEARCH_USER_PATHS = NO;
				ASSETCATALOG_COMPILER_GENERATE_SWIFT_ASSET_SYMBOL_EXTENSIONS = YES;
				CLANG_ANALYZER_NONNULL = YES;
				CLANG_ANALYZER_NUMBER_OBJECT_CONVERSION = YES_AGGRESSIVE;
				CLANG_CXX_LANGUAGE_STANDARD = "gnu++20";
				CLANG_ENABLE_MODULES = YES;
				CLANG_ENABLE_OBJC_ARC = YES;
				CLANG_ENABLE_OBJC_WEAK = YES;
				CLANG_WARN_BLOCK_CAPTURE_AUTORELEASING = YES;
				CLANG_WARN_BOOL_CONVERSION = YES;
				CLANG_WARN_COMMA = YES;
				CLANG_WARN_CONSTANT_CONVERSION = YES;
				CLANG_WARN_DEPRECATED_OBJC_IMPLEMENTATIONS = YES;
				CLANG_WARN_DIRECT_OBJC_ISA_USAGE = YES_ERROR;
				CLANG_WARN_DOCUMENTATION_COMMENTS = YES;
				CLANG_WARN_EMPTY_BODY = YES;
				CLANG_WARN_ENUM_CONVERSION = YES;
				CLANG_WARN_INFINITE_RECURSION = YES;
				CLANG_WARN_INT_CONVERSION = YES;
				CLANG_WARN_NON_LITERAL_NULL_CONVERSION = YES;
				CLANG_WARN_OBJC_IMPLICIT_RETAIN_SELF = YES;
				CLANG_WARN_OBJC_LITERAL_CONVERSION = YES;
				CLANG_WARN_OBJC_ROOT_CLASS = YES_ERROR;
				CLANG_WARN_QUOTED_INCLUDE_IN_FRAMEWORK_HEADER = YES;
				CLANG_WARN_RANGE_LOOP_ANALYSIS = YES;
				CLANG_WARN_STRICT_PROTOTYPES = YES;
				CLANG_WARN_SUSPICIOUS_MOVE = YES;
				CLANG_WARN_UNGUARDED_AVAILABILITY = YES_AGGRESSIVE;
				CLANG_WARN_UNREACHABLE_CODE = YES;
				CLANG_WARN__DUPLICATE_METHOD_MATCH = YES;
				COPY_PHASE_STRIP = NO;
				DEBUG_INFORMATION_FORMAT = dwarf;
				ENABLE_STRICT_OBJC_MSGSEND = YES;
				ENABLE_TESTABILITY = YES;
				ENABLE_USER_SCRIPT_SANDBOXING = YES;
				GCC_C_LANGUAGE_STANDARD = gnu17;
				GCC_DYNAMIC_NO_PIC = NO;
				GCC_NO_COMMON_BLOCKS = YES;
				GCC_OPTIMIZATION_LEVEL = 0;
				GCC_PREPROCESSOR_DEFINITIONS = (
					"DEBUG=1",
					"$(inherited)",
				);
				GCC_WARN_64_TO_32_BIT_CONVERSION = YES;
				GCC_WARN_ABOUT_RETURN_TYPE = YES_ERROR;
				GCC_WARN_UNDECLARED_SELECTOR = YES;
				GCC_WARN_UNINITIALIZED_AUTOS = YES_AGGRESSIVE;
				GCC_WARN_UNUSED_FUNCTION = YES;
				GCC_WARN_UNUSED_VARIABLE = YES;
				IPHONEOS_DEPLOYMENT_TARGET = 17.4;
				LOCALIZATION_PREFERS_STRING_CATALOGS = YES;
				MTL_ENABLE_DEBUG_INFO = INCLUDE_SOURCE;
				MTL_FAST_MATH = YES;
				ONLY_ACTIVE_ARCH = YES;
				SDKROOT = iphoneos;
				SWIFT_ACTIVE_COMPILATION_CONDITIONS = "DEBUG $(inherited)";
				SWIFT_OPTIMIZATION_LEVEL = "-Onone";
			};
			name = Debug;
		};
		B1FDF06C2BFA5BB800A3B396 /* Release */ = {
			isa = XCBuildConfiguration;
			buildSettings = {
				ALWAYS_SEARCH_USER_PATHS = NO;
				ASSETCATALOG_COMPILER_GENERATE_SWIFT_ASSET_SYMBOL_EXTENSIONS = YES;
				CLANG_ANALYZER_NONNULL = YES;
				CLANG_ANALYZER_NUMBER_OBJECT_CONVERSION = YES_AGGRESSIVE;
				CLANG_CXX_LANGUAGE_STANDARD = "gnu++20";
				CLANG_ENABLE_MODULES = YES;
				CLANG_ENABLE_OBJC_ARC = YES;
				CLANG_ENABLE_OBJC_WEAK = YES;
				CLANG_WARN_BLOCK_CAPTURE_AUTORELEASING = YES;
				CLANG_WARN_BOOL_CONVERSION = YES;
				CLANG_WARN_COMMA = YES;
				CLANG_WARN_CONSTANT_CONVERSION = YES;
				CLANG_WARN_DEPRECATED_OBJC_IMPLEMENTATIONS = YES;
				CLANG_WARN_DIRECT_OBJC_ISA_USAGE = YES_ERROR;
				CLANG_WARN_DOCUMENTATION_COMMENTS = YES;
				CLANG_WARN_EMPTY_BODY = YES;
				CLANG_WARN_ENUM_CONVERSION = YES;
				CLANG_WARN_INFINITE_RECURSION = YES;
				CLANG_WARN_INT_CONVERSION = YES;
				CLANG_WARN_NON_LITERAL_NULL_CONVERSION = YES;
				CLANG_WARN_OBJC_IMPLICIT_RETAIN_SELF = YES;
				CLANG_WARN_OBJC_LITERAL_CONVERSION = YES;
				CLANG_WARN_OBJC_ROOT_CLASS = YES_ERROR;
				CLANG_WARN_QUOTED_INCLUDE_IN_FRAMEWORK_HEADER = YES;
				CLANG_WARN_RANGE_LOOP_ANALYSIS = YES;
				CLANG_WARN_STRICT_PROTOTYPES = YES;
				CLANG_WARN_SUSPICIOUS_MOVE = YES;
				CLANG_WARN_UNGUARDED_AVAILABILITY = YES_AGGRESSIVE;
				CLANG_WARN_UNREACHABLE_CODE = YES;
				CLANG_WARN__DUPLICATE_METHOD_MATCH = YES;
				COPY_PHASE_STRIP = NO;
				DEBUG_INFORMATION_FORMAT = "dwarf-with-dsym";
				ENABLE_NS_ASSERTIONS = NO;
				ENABLE_STRICT_OBJC_MSGSEND = YES;
				ENABLE_USER_SCRIPT_SANDBOXING = YES;
				GCC_C_LANGUAGE_STANDARD = gnu17;
				GCC_NO_COMMON_BLOCKS = YES;
				GCC_WARN_64_TO_32_BIT_CONVERSION = YES;
				GCC_WARN_ABOUT_RETURN_TYPE = YES_ERROR;
				GCC_WARN_UNDECLARED_SELECTOR = YES;
				GCC_WARN_UNINITIALIZED_AUTOS = YES_AGGRESSIVE;
				GCC_WARN_UNUSED_FUNCTION = YES;
				GCC_WARN_UNUSED_VARIABLE = YES;
				IPHONEOS_DEPLOYMENT_TARGET = 17.4;
				LOCALIZATION_PREFERS_STRING_CATALOGS = YES;
				MTL_ENABLE_DEBUG_INFO = NO;
				MTL_FAST_MATH = YES;
				SDKROOT = iphoneos;
				SWIFT_COMPILATION_MODE = wholemodule;
				VALIDATE_PRODUCT = YES;
			};
			name = Release;
		};
		B1FDF06E2BFA5BB800A3B396 /* Debug */ = {
			isa = XCBuildConfiguration;
			buildSettings = {
				ASSETCATALOG_COMPILER_APPICON_NAME = AppIcon;
				ASSETCATALOG_COMPILER_GLOBAL_ACCENT_COLOR_NAME = AccentColor;
				CODE_SIGN_STYLE = Automatic;
				CURRENT_PROJECT_VERSION = 1;
				DEVELOPMENT_ASSET_PATHS = "\"WordScramble/Preview Content\"";
				ENABLE_PREVIEWS = YES;
				GENERATE_INFOPLIST_FILE = YES;
				INFOPLIST_KEY_UIApplicationSceneManifest_Generation = YES;
				INFOPLIST_KEY_UIApplicationSupportsIndirectInputEvents = YES;
				INFOPLIST_KEY_UILaunchScreen_Generation = YES;
				INFOPLIST_KEY_UISupportedInterfaceOrientations = UIInterfaceOrientationPortrait;
				INFOPLIST_KEY_UISupportedInterfaceOrientations_iPad = "UIInterfaceOrientationPortrait UIInterfaceOrientationPortraitUpsideDown";
				LD_RUNPATH_SEARCH_PATHS = (
					"$(inherited)",
					"@executable_path/Frameworks",
				);
				MARKETING_VERSION = 1.0;
				PRODUCT_BUNDLE_IDENTIFIER = com.example.WordScramble;
				PRODUCT_NAME = "$(TARGET_NAME)";
				SWIFT_EMIT_LOC_STRINGS = YES;
				SWIFT_VERSION = 5.0;
				TARGETED_DEVICE_FAMILY = "1,2";
			};
			name = Debug;
		};
		B1FDF06F2BFA5BB800A3B396 /* Release */ = {
			isa = XCBuildConfiguration;
			buildSettings = {
				ASSETCATALOG_COMPILER_APPICON_NAME = AppIcon;
				ASSETCATALOG_COMPILER_GLOBAL_ACCENT_COLOR_NAME = AccentColor;
				CODE_SIGN_STYLE = Automatic;
				CURRENT_PROJECT_VERSION = 1;
				DEVELOPMENT_ASSET_PATHS = "\"WordScramble/Preview Content\"";
				ENABLE_PREVIEWS = YES;
				GENERATE_INFOPLIST_FILE = YES;
				INFOPLIST_KEY_UIApplicationSceneManifest_Generation = YES;
				INFOPLIST_KEY_UIApplicationSupportsIndirectInputEvents = YES;
				INFOPLIST_KEY_UILaunchScreen_Generation = YES;
				INFOPLIST_KEY_UISupportedInterfaceOrientations = UIInterfaceOrientationPortrait;
				INFOPLIST_KEY_UISupportedInterfaceOrientations_iPad = "UIInterfaceOrientationPortrait UIInterfaceOrientationPortraitUpsideDown";
				LD_RUNPATH_SEARCH_PATHS = (
					"$(inherited)",
					"@executable_path/Frameworks",
				);
				MARKETING_VERSION = 1.0;
				PRODUCT_BUNDLE_IDENTIFIER = com.example.WordScramble;
				PRODUCT_NAME = "$(TARGET_NAME)";
				SWIFT_EMIT_LOC_STRINGS = YES;
				SWIFT_VERSION = 5.0;
				TARGETED_DEVICE_FAMILY = "1,2";
			};
			name = Release;
		};
/* End XCBuildConfiguration section */

/* Begin XCConfigurationList section */
		B1FDF05A2BFA5BB500A3B396 /* Build configuration list for PBXProject "WordScramble" */ = {
			isa = XCConfigurationList;
			buildConfigurations = (
				B1FDF06B2BFA5BB800A3B396 /* Debug */,
				B1FDF06C2BFA5BB800A3B396 /* Release */,
			);
			defaultConfigurationIsVisible = 0;
			defaultConfigurationName = Release;
		};
		B1FDF06D2BFA5BB800A3B396 /* Build configuration list for PBXNativeTarget "WordScramble" */ = {
			isa = XCConfigurationList;
			buildConfigurations = (
				B1FDF06E2BFA5BB800A3B396 /* Debug */,
				B1FDF06F2BFA5BB800A3B396 /* Release */,
			);
			defaultConfigurationIsVisible = 0;
			defaultConfigurationName = Release;
		};
/* End XCConfigurationList section */

/* Begin XCRemoteSwiftPackageReference section */
		B1FDF0A12BFBC71B00A3B396 /* XCRemoteSwiftPackageReference "SQLite.swift" */ = {
			isa = XCRemoteSwiftPackageReference;
			repositoryURL = "https://github.com/stephencelis/SQLite.swift.git";
			requirement = {
				kind = upToNextMajorVersion;
				minimumVersion = 0.15.3;
			};
		};
/* End XCRemoteSwiftPackageReference section */

/* Begin XCSwiftPackageProductDependency section */
		B1FDF0A22BFBC71B00A3B396 /* SQLite */ = {
			isa = XCSwiftPackageProductDependency;
			package = B1FDF0A12BFBC71B00A3B396 /* XCRemoteSwiftPackageReference "SQLite.swift" */;
			productName = SQLite;
		};
/* End XCSwiftPackageProductDependency section */
	};
	rootObject = B1FDF0572BFA5BB500A3B396 /* Project object */;
}
